// !$*UTF8*$!
{
	archiveVersion = 1;
	classes = {
	};
	objectVersion = 50;
	objects = {

/* Begin PBXBuildFile section */
		C035D1652268AEBA006135FD /* AppDelegate.swift in Sources */ = {isa = PBXBuildFile; fileRef = C035D1642268AEBA006135FD /* AppDelegate.swift */; };
		C035D1672268AEBA006135FD /* ViewController.swift in Sources */ = {isa = PBXBuildFile; fileRef = C035D1662268AEBA006135FD /* ViewController.swift */; };
		C035D16A2268AEBA006135FD /* Main.storyboard in Resources */ = {isa = PBXBuildFile; fileRef = C035D1682268AEBA006135FD /* Main.storyboard */; };
		C035D16C2268AEBC006135FD /* Assets.xcassets in Resources */ = {isa = PBXBuildFile; fileRef = C035D16B2268AEBC006135FD /* Assets.xcassets */; };
		C035D16F2268AEBC006135FD /* LaunchScreen.storyboard in Resources */ = {isa = PBXBuildFile; fileRef = C035D16D2268AEBC006135FD /* LaunchScreen.storyboard */; };
		C035D17A2268AEBD006135FD /* MyProjectTests.swift in Sources */ = {isa = PBXBuildFile; fileRef = C035D1792268AEBD006135FD /* MyProjectTests.swift */; };
		C035D1852268AEBD006135FD /* MyProjectUITests.swift in Sources */ = {isa = PBXBuildFile; fileRef = C035D1842268AEBD006135FD /* MyProjectUITests.swift */; };
/* End PBXBuildFile section */

/* Begin PBXContainerItemProxy section */
		C035D1762268AEBD006135FD /* PBXContainerItemProxy */ = {
			isa = PBXContainerItemProxy;
			containerPortal = C035D1592268AEBA006135FD /* Project object */;
			proxyType = 1;
			remoteGlobalIDString = C035D1602268AEBA006135FD;
			remoteInfo = MyProject;
		};
		C035D1812268AEBD006135FD /* PBXContainerItemProxy */ = {
			isa = PBXContainerItemProxy;
			containerPortal = C035D1592268AEBA006135FD /* Project object */;
			proxyType = 1;
			remoteGlobalIDString = C035D1602268AEBA006135FD;
			remoteInfo = MyProject;
		};
/* End PBXContainerItemProxy section */

/* Begin PBXFileReference section */
		C035D1612268AEBA006135FD /* MyProject.app */ = {isa = PBXFileReference; explicitFileType = wrapper.application; includeInIndex = 0; path = MyProject.app; sourceTree = BUILT_PRODUCTS_DIR; };
		C035D1642268AEBA006135FD /* AppDelegate.swift */ = {isa = PBXFileReference; lastKnownFileType = sourcecode.swift; path = AppDelegate.swift; sourceTree = "<group>"; };
		C035D1662268AEBA006135FD /* ViewController.swift */ = {isa = PBXFileReference; lastKnownFileType = sourcecode.swift; path = ViewController.swift; sourceTree = "<group>"; };
		C035D1692268AEBA006135FD /* Base */ = {isa = PBXFileReference; lastKnownFileType = file.storyboard; name = Base; path = Base.lproj/Main.storyboard; sourceTree = "<group>"; };
		C035D16B2268AEBC006135FD /* Assets.xcassets */ = {isa = PBXFileReference; lastKnownFileType = folder.assetcatalog; path = Assets.xcassets; sourceTree = "<group>"; };
		C035D16E2268AEBC006135FD /* Base */ = {isa = PBXFileReference; lastKnownFileType = file.storyboard; name = Base; path = Base.lproj/LaunchScreen.storyboard; sourceTree = "<group>"; };
		C035D1702268AEBC006135FD /* Info.plist */ = {isa = PBXFileReference; lastKnownFileType = text.plist.xml; path = Info.plist; sourceTree = "<group>"; };
		C035D1752268AEBD006135FD /* MyProjectTests.xctest */ = {isa = PBXFileReference; explicitFileType = wrapper.cfbundle; includeInIndex = 0; path = MyProjectTests.xctest; sourceTree = BUILT_PRODUCTS_DIR; };
		C035D1792268AEBD006135FD /* MyProjectTests.swift */ = {isa = PBXFileReference; lastKnownFileType = sourcecode.swift; path = MyProjectTests.swift; sourceTree = "<group>"; };
		C035D17B2268AEBD006135FD /* Info.plist */ = {isa = PBXFileReference; lastKnownFileType = text.plist.xml; path = Info.plist; sourceTree = "<group>"; };
		C035D1802268AEBD006135FD /* MyProjectUITests.xctest */ = {isa = PBXFileReference; explicitFileType = wrapper.cfbundle; includeInIndex = 0; path = MyProjectUITests.xctest; sourceTree = BUILT_PRODUCTS_DIR; };
		C035D1842268AEBD006135FD /* MyProjectUITests.swift */ = {isa = PBXFileReference; lastKnownFileType = sourcecode.swift; path = MyProjectUITests.swift; sourceTree = "<group>"; };
		C035D1862268AEBD006135FD /* Info.plist */ = {isa = PBXFileReference; lastKnownFileType = text.plist.xml; path = Info.plist; sourceTree = "<group>"; };
/* End PBXFileReference section */

/* Begin PBXFrameworksBuildPhase section */
		C035D15E2268AEBA006135FD /* Frameworks */ = {
			isa = PBXFrameworksBuildPhase;
			buildActionMask = 2147483647;
			files = (
			);
			runOnlyForDeploymentPostprocessing = 0;
		};
		C035D1722268AEBD006135FD /* Frameworks */ = {
			isa = PBXFrameworksBuildPhase;
			buildActionMask = 2147483647;
			files = (
			);
			runOnlyForDeploymentPostprocessing = 0;
		};
		C035D17D2268AEBD006135FD /* Frameworks */ = {
			isa = PBXFrameworksBuildPhase;
			buildActionMask = 2147483647;
			files = (
			);
			runOnlyForDeploymentPostprocessing = 0;
		};
/* End PBXFrameworksBuildPhase section */

/* Begin PBXGroup section */
		C035D1582268AEBA006135FD = {
			isa = PBXGroup;
			children = (
				C035D1632268AEBA006135FD /* MyProject */,
				C035D1782268AEBD006135FD /* MyProjectTests */,
				C035D1832268AEBD006135FD /* MyProjectUITests */,
				C035D1622268AEBA006135FD /* Products */,
			);
			sourceTree = "<group>";
		};
		C035D1622268AEBA006135FD /* Products */ = {
			isa = PBXGroup;
			children = (
				C035D1612268AEBA006135FD /* MyProject.app */,
				C035D1752268AEBD006135FD /* MyProjectTests.xctest */,
				C035D1802268AEBD006135FD /* MyProjectUITests.xctest */,
			);
			name = Products;
			sourceTree = "<group>";
		};
		C035D1632268AEBA006135FD /* MyProject */ = {
			isa = PBXGroup;
			children = (
				C035D1642268AEBA006135FD /* AppDelegate.swift */,
				C035D1662268AEBA006135FD /* ViewController.swift */,
				C035D1682268AEBA006135FD /* Main.storyboard */,
				C035D16B2268AEBC006135FD /* Assets.xcassets */,
				C035D16D2268AEBC006135FD /* LaunchScreen.storyboard */,
				C035D1702268AEBC006135FD /* Info.plist */,
			);
			path = MyProject;
			sourceTree = "<group>";
		};
		C035D1782268AEBD006135FD /* MyProjectTests */ = {
			isa = PBXGroup;
			children = (
				C035D1792268AEBD006135FD /* MyProjectTests.swift */,
				C035D17B2268AEBD006135FD /* Info.plist */,
			);
			path = MyProjectTests;
			sourceTree = "<group>";
		};
		C035D1832268AEBD006135FD /* MyProjectUITests */ = {
			isa = PBXGroup;
			children = (
				C035D1842268AEBD006135FD /* MyProjectUITests.swift */,
				C035D1862268AEBD006135FD /* Info.plist */,
			);
			path = MyProjectUITests;
			sourceTree = "<group>";
		};
/* End PBXGroup section */

/* Begin PBXNativeTarget section */
		C035D1602268AEBA006135FD /* MyProject */ = {
			isa = PBXNativeTarget;
			buildConfigurationList = C035D1892268AEBD006135FD /* Build configuration list for PBXNativeTarget "MyProject" */;
			buildPhases = (
				C035D15D2268AEBA006135FD /* Sources */,
				C035D15E2268AEBA006135FD /* Frameworks */,
				C035D15F2268AEBA006135FD /* Resources */,
			);
			buildRules = (
			);
			dependencies = (
			);
			name = MyProject;
			productName = MyProject;
			productReference = C035D1612268AEBA006135FD /* MyProject.app */;
			productType = "com.apple.product-type.application";
		};
		C035D1742268AEBD006135FD /* MyProjectTests */ = {
			isa = PBXNativeTarget;
			buildConfigurationList = C035D18C2268AEBD006135FD /* Build configuration list for PBXNativeTarget "MyProjectTests" */;
			buildPhases = (
				C035D1712268AEBD006135FD /* Sources */,
				C035D1722268AEBD006135FD /* Frameworks */,
				C035D1732268AEBD006135FD /* Resources */,
			);
			buildRules = (
			);
			dependencies = (
				C035D1772268AEBD006135FD /* PBXTargetDependency */,
			);
			name = MyProjectTests;
			productName = MyProjectTests;
			productReference = C035D1752268AEBD006135FD /* MyProjectTests.xctest */;
			productType = "com.apple.product-type.bundle.unit-test";
		};
		C035D17F2268AEBD006135FD /* MyProjectUITests */ = {
			isa = PBXNativeTarget;
			buildConfigurationList = C035D18F2268AEBD006135FD /* Build configuration list for PBXNativeTarget "MyProjectUITests" */;
			buildPhases = (
				C035D17C2268AEBD006135FD /* Sources */,
				C035D17D2268AEBD006135FD /* Frameworks */,
				C035D17E2268AEBD006135FD /* Resources */,
			);
			buildRules = (
			);
			dependencies = (
				C035D1822268AEBD006135FD /* PBXTargetDependency */,
			);
			name = MyProjectUITests;
			productName = MyProjectUITests;
			productReference = C035D1802268AEBD006135FD /* MyProjectUITests.xctest */;
			productType = "com.apple.product-type.bundle.ui-testing";
		};
/* End PBXNativeTarget section */

/* Begin PBXProject section */
		C035D1592268AEBA006135FD /* Project object */ = {
			isa = PBXProject;
			attributes = {
				LastSwiftUpdateCheck = 1020;
				LastUpgradeCheck = 1020;
				ORGANIZATIONNAME = "Juyel Rana";
				TargetAttributes = {
					C035D1602268AEBA006135FD = {
						CreatedOnToolsVersion = 10.2;
					};
					C035D1742268AEBD006135FD = {
						CreatedOnToolsVersion = 10.2;
						TestTargetID = C035D1602268AEBA006135FD;
					};
					C035D17F2268AEBD006135FD = {
						CreatedOnToolsVersion = 10.2;
						TestTargetID = C035D1602268AEBA006135FD;
					};
				};
			};
			buildConfigurationList = C035D15C2268AEBA006135FD /* Build configuration list for PBXProject "MyProject" */;
			compatibilityVersion = "Xcode 9.3";
			developmentRegion = en;
			hasScannedForEncodings = 0;
			knownRegions = (
				en,
				Base,
			);
			mainGroup = C035D1582268AEBA006135FD;
			productRefGroup = C035D1622268AEBA006135FD /* Products */;
			projectDirPath = "";
			projectRoot = "";
			targets = (
				C035D1602268AEBA006135FD /* MyProject */,
				C035D1742268AEBD006135FD /* MyProjectTests */,
				C035D17F2268AEBD006135FD /* MyProjectUITests */,
			);
		};
/* End PBXProject section */

/* Begin PBXResourcesBuildPhase section */
		C035D15F2268AEBA006135FD /* Resources */ = {
			isa = PBXResourcesBuildPhase;
			buildActionMask = 2147483647;
			files = (
				C035D16F2268AEBC006135FD /* LaunchScreen.storyboard in Resources */,
				C035D16C2268AEBC006135FD /* Assets.xcassets in Resources */,
				C035D16A2268AEBA006135FD /* Main.storyboard in Resources */,
			);
			runOnlyForDeploymentPostprocessing = 0;
		};
		C035D1732268AEBD006135FD /* Resources */ = {
			isa = PBXResourcesBuildPhase;
			buildActionMask = 2147483647;
			files = (
			);
			runOnlyForDeploymentPostprocessing = 0;
		};
		C035D17E2268AEBD006135FD /* Resources */ = {
			isa = PBXResourcesBuildPhase;
			buildActionMask = 2147483647;
			files = (
			);
			runOnlyForDeploymentPostprocessing = 0;
		};
/* End PBXResourcesBuildPhase section */

/* Begin PBXSourcesBuildPhase section */
		C035D15D2268AEBA006135FD /* Sources */ = {
			isa = PBXSourcesBuildPhase;
			buildActionMask = 2147483647;
			files = (
				C035D1672268AEBA006135FD /* ViewController.swift in Sources */,
				C035D1652268AEBA006135FD /* AppDelegate.swift in Sources */,
			);
			runOnlyForDeploymentPostprocessing = 0;
		};
		C035D1712268AEBD006135FD /* Sources */ = {
			isa = PBXSourcesBuildPhase;
			buildActionMask = 2147483647;
			files = (
				C035D17A2268AEBD006135FD /* MyProjectTests.swift in Sources */,
			);
			runOnlyForDeploymentPostprocessing = 0;
		};
		C035D17C2268AEBD006135FD /* Sources */ = {
			isa = PBXSourcesBuildPhase;
			buildActionMask = 2147483647;
			files = (
				C035D1852268AEBD006135FD /* MyProjectUITests.swift in Sources */,
			);
			runOnlyForDeploymentPostprocessing = 0;
		};
/* End PBXSourcesBuildPhase section */

/* Begin PBXTargetDependency section */
		C035D1772268AEBD006135FD /* PBXTargetDependency */ = {
			isa = PBXTargetDependency;
			target = C035D1602268AEBA006135FD /* MyProject */;
			targetProxy = C035D1762268AEBD006135FD /* PBXContainerItemProxy */;
		};
		C035D1822268AEBD006135FD /* PBXTargetDependency */ = {
			isa = PBXTargetDependency;
			target = C035D1602268AEBA006135FD /* MyProject */;
			targetProxy = C035D1812268AEBD006135FD /* PBXContainerItemProxy */;
		};
/* End PBXTargetDependency section */

/* Begin PBXVariantGroup section */
		C035D1682268AEBA006135FD /* Main.storyboard */ = {
			isa = PBXVariantGroup;
			children = (
				C035D1692268AEBA006135FD /* Base */,
			);
			name = Main.storyboard;
			sourceTree = "<group>";
		};
		C035D16D2268AEBC006135FD /* LaunchScreen.storyboard */ = {
			isa = PBXVariantGroup;
			children = (
				C035D16E2268AEBC006135FD /* Base */,
			);
			name = LaunchScreen.storyboard;
			sourceTree = "<group>";
		};
/* End PBXVariantGroup section */

/* Begin XCBuildConfiguration section */
		C035D1872268AEBD006135FD /* Debug */ = {
			isa = XCBuildConfiguration;
			buildSettings = {
				ALWAYS_SEARCH_USER_PATHS = NO;
				CLANG_ANALYZER_NONNULL = YES;
				CLANG_ANALYZER_NUMBER_OBJECT_CONVERSION = YES_AGGRESSIVE;
				CLANG_CXX_LANGUAGE_STANDARD = "gnu++14";
				CLANG_CXX_LIBRARY = "libc++";
				CLANG_ENABLE_MODULES = YES;
				CLANG_ENABLE_OBJC_ARC = YES;
				CLANG_ENABLE_OBJC_WEAK = YES;
				CLANG_WARN_BLOCK_CAPTURE_AUTORELEASING = YES;
				CLANG_WARN_BOOL_CONVERSION = YES;
				CLANG_WARN_COMMA = YES;
				CLANG_WARN_CONSTANT_CONVERSION = YES;
				CLANG_WARN_DEPRECATED_OBJC_IMPLEMENTATIONS = YES;
				CLANG_WARN_DIRECT_OBJC_ISA_USAGE = YES_ERROR;
				CLANG_WARN_DOCUMENTATION_COMMENTS = YES;
				CLANG_WARN_EMPTY_BODY = YES;
				CLANG_WARN_ENUM_CONVERSION = YES;
				CLANG_WARN_INFINITE_RECURSION = YES;
				CLANG_WARN_INT_CONVERSION = YES;
				CLANG_WARN_NON_LITERAL_NULL_CONVERSION = YES;
				CLANG_WARN_OBJC_IMPLICIT_RETAIN_SELF = YES;
				CLANG_WARN_OBJC_LITERAL_CONVERSION = YES;
				CLANG_WARN_OBJC_ROOT_CLASS = YES_ERROR;
				CLANG_WARN_RANGE_LOOP_ANALYSIS = YES;
				CLANG_WARN_STRICT_PROTOTYPES = YES;
				CLANG_WARN_SUSPICIOUS_MOVE = YES;
				CLANG_WARN_UNGUARDED_AVAILABILITY = YES_AGGRESSIVE;
				CLANG_WARN_UNREACHABLE_CODE = YES;
				CLANG_WARN__DUPLICATE_METHOD_MATCH = YES;
				CODE_SIGN_IDENTITY = "iPhone Developer";
				COPY_PHASE_STRIP = NO;
				DEBUG_INFORMATION_FORMAT = dwarf;
				ENABLE_STRICT_OBJC_MSGSEND = YES;
				ENABLE_TESTABILITY = YES;
				GCC_C_LANGUAGE_STANDARD = gnu11;
				GCC_DYNAMIC_NO_PIC = NO;
				GCC_NO_COMMON_BLOCKS = YES;
				GCC_OPTIMIZATION_LEVEL = 0;
				GCC_PREPROCESSOR_DEFINITIONS = (
					"DEBUG=1",
					"$(inherited)",
				);
				GCC_WARN_64_TO_32_BIT_CONVERSION = YES;
				GCC_WARN_ABOUT_RETURN_TYPE = YES_ERROR;
				GCC_WARN_UNDECLARED_SELECTOR = YES;
				GCC_WARN_UNINITIALIZED_AUTOS = YES_AGGRESSIVE;
				GCC_WARN_UNUSED_FUNCTION = YES;
				GCC_WARN_UNUSED_VARIABLE = YES;
				IPHONEOS_DEPLOYMENT_TARGET = 12.2;
				MTL_ENABLE_DEBUG_INFO = INCLUDE_SOURCE;
				MTL_FAST_MATH = YES;
				ONLY_ACTIVE_ARCH = YES;
				SDKROOT = iphoneos;
				SWIFT_ACTIVE_COMPILATION_CONDITIONS = DEBUG;
				SWIFT_OPTIMIZATION_LEVEL = "-Onone";
			};
			name = Debug;
		};
		C035D1882268AEBD006135FD /* Release */ = {
			isa = XCBuildConfiguration;
			buildSettings = {
				ALWAYS_SEARCH_USER_PATHS = NO;
				CLANG_ANALYZER_NONNULL = YES;
				CLANG_ANALYZER_NUMBER_OBJECT_CONVERSION = YES_AGGRESSIVE;
				CLANG_CXX_LANGUAGE_STANDARD = "gnu++14";
				CLANG_CXX_LIBRARY = "libc++";
				CLANG_ENABLE_MODULES = YES;
				CLANG_ENABLE_OBJC_ARC = YES;
				CLANG_ENABLE_OBJC_WEAK = YES;
				CLANG_WARN_BLOCK_CAPTURE_AUTORELEASING = YES;
				CLANG_WARN_BOOL_CONVERSION = YES;
				CLANG_WARN_COMMA = YES;
				CLANG_WARN_CONSTANT_CONVERSION = YES;
				CLANG_WARN_DEPRECATED_OBJC_IMPLEMENTATIONS = YES;
				CLANG_WARN_DIRECT_OBJC_ISA_USAGE = YES_ERROR;
				CLANG_WARN_DOCUMENTATION_COMMENTS = YES;
				CLANG_WARN_EMPTY_BODY = YES;
				CLANG_WARN_ENUM_CONVERSION = YES;
				CLANG_WARN_INFINITE_RECURSION = YES;
				CLANG_WARN_INT_CONVERSION = YES;
				CLANG_WARN_NON_LITERAL_NULL_CONVERSION = YES;
				CLANG_WARN_OBJC_IMPLICIT_RETAIN_SELF = YES;
				CLANG_WARN_OBJC_LITERAL_CONVERSION = YES;
				CLANG_WARN_OBJC_ROOT_CLASS = YES_ERROR;
				CLANG_WARN_RANGE_LOOP_ANALYSIS = YES;
				CLANG_WARN_STRICT_PROTOTYPES = YES;
				CLANG_WARN_SUSPICIOUS_MOVE = YES;
				CLANG_WARN_UNGUARDED_AVAILABILITY = YES_AGGRESSIVE;
				CLANG_WARN_UNREACHABLE_CODE = YES;
				CLANG_WARN__DUPLICATE_METHOD_MATCH = YES;
				CODE_SIGN_IDENTITY = "iPhone Developer";
				COPY_PHASE_STRIP = NO;
				DEBUG_INFORMATION_FORMAT = "dwarf-with-dsym";
				ENABLE_NS_ASSERTIONS = NO;
				ENABLE_STRICT_OBJC_MSGSEND = YES;
				GCC_C_LANGUAGE_STANDARD = gnu11;
				GCC_NO_COMMON_BLOCKS = YES;
				GCC_WARN_64_TO_32_BIT_CONVERSION = YES;
				GCC_WARN_ABOUT_RETURN_TYPE = YES_ERROR;
				GCC_WARN_UNDECLARED_SELECTOR = YES;
				GCC_WARN_UNINITIALIZED_AUTOS = YES_AGGRESSIVE;
				GCC_WARN_UNUSED_FUNCTION = YES;
				GCC_WARN_UNUSED_VARIABLE = YES;
				IPHONEOS_DEPLOYMENT_TARGET = 12.2;
				MTL_ENABLE_DEBUG_INFO = NO;
				MTL_FAST_MATH = YES;
				SDKROOT = iphoneos;
				SWIFT_COMPILATION_MODE = wholemodule;
				SWIFT_OPTIMIZATION_LEVEL = "-O";
				VALIDATE_PRODUCT = YES;
			};
			name = Release;
		};
		C035D18A2268AEBD006135FD /* Debug */ = {
			isa = XCBuildConfiguration;
			buildSettings = {
				ASSETCATALOG_COMPILER_APPICON_NAME = AppIcon;
				CODE_SIGN_STYLE = Automatic;
				DEVELOPMENT_TEAM = 6FYC5H87N6;
				INFOPLIST_FILE = MyProject/Info.plist;
				IPHONEOS_DEPLOYMENT_TARGET = 12.2;
				LD_RUNPATH_SEARCH_PATHS = (
					"$(inherited)",
					"@executable_path/Frameworks",
				);
				PRODUCT_BUNDLE_IDENTIFIER = com.juyelcse11th.MyProject;
				PRODUCT_NAME = "$(TARGET_NAME)";
				SWIFT_VERSION = 5.0;
				TARGETED_DEVICE_FAMILY = 1;
			};
			name = Debug;
		};
		C035D18B2268AEBD006135FD /* Release */ = {
			isa = XCBuildConfiguration;
			buildSettings = {
				ASSETCATALOG_COMPILER_APPICON_NAME = AppIcon;
				CODE_SIGN_STYLE = Automatic;
				DEVELOPMENT_TEAM = 6FYC5H87N6;
				INFOPLIST_FILE = MyProject/Info.plist;
				IPHONEOS_DEPLOYMENT_TARGET = 12.2;
				LD_RUNPATH_SEARCH_PATHS = (
					"$(inherited)",
					"@executable_path/Frameworks",
				);
				PRODUCT_BUNDLE_IDENTIFIER = com.juyelcse11th.MyProject;
				PRODUCT_NAME = "$(TARGET_NAME)";
				SWIFT_VERSION = 5.0;
				TARGETED_DEVICE_FAMILY = 1;
			};
			name = Release;
		};
		C035D18D2268AEBD006135FD /* Debug */ = {
			isa = XCBuildConfiguration;
			buildSettings = {
				ALWAYS_EMBED_SWIFT_STANDARD_LIBRARIES = YES;
				BUNDLE_LOADER = "$(TEST_HOST)";
				CODE_SIGN_STYLE = Automatic;
				DEVELOPMENT_TEAM = 6FYC5H87N6;
				INFOPLIST_FILE = MyProjectTests/Info.plist;
				LD_RUNPATH_SEARCH_PATHS = (
					"$(inherited)",
					"@executable_path/Frameworks",
					"@loader_path/Frameworks",
				);
				PRODUCT_BUNDLE_IDENTIFIER = com.juyelcse11th.MyProjectTests;
				PRODUCT_NAME = "$(TARGET_NAME)";
				SWIFT_VERSION = 5.0;
				TARGETED_DEVICE_FAMILY = "1,2";
				TEST_HOST = "$(BUILT_PRODUCTS_DIR)/MyProject.app/MyProject";
			};
			name = Debug;
		};
		C035D18E2268AEBD006135FD /* Release */ = {
			isa = XCBuildConfiguration;
			buildSettings = {
				ALWAYS_EMBED_SWIFT_STANDARD_LIBRARIES = YES;
				BUNDLE_LOADER = "$(TEST_HOST)";
				CODE_SIGN_STYLE = Automatic;
				DEVELOPMENT_TEAM = 6FYC5H87N6;
				INFOPLIST_FILE = MyProjectTests/Info.plist;
				LD_RUNPATH_SEARCH_PATHS = (
					"$(inherited)",
					"@executable_path/Frameworks",
					"@loader_path/Frameworks",
				);
				PRODUCT_BUNDLE_IDENTIFIER = com.juyelcse11th.MyProjectTests;
				PRODUCT_NAME = "$(TARGET_NAME)";
				SWIFT_VERSION = 5.0;
				TARGETED_DEVICE_FAMILY = "1,2";
				TEST_HOST = "$(BUILT_PRODUCTS_DIR)/MyProject.app/MyProject";
			};
			name = Release;
		};
		C035D1902268AEBD006135FD /* Debug */ = {
			isa = XCBuildConfiguration;
			buildSettings = {
				ALWAYS_EMBED_SWIFT_STANDARD_LIBRARIES = YES;
				CODE_SIGN_STYLE = Automatic;
				DEVELOPMENT_TEAM = 6FYC5H87N6;
				INFOPLIST_FILE = MyProjectUITests/Info.plist;
				LD_RUNPATH_SEARCH_PATHS = (
					"$(inherited)",
					"@executable_path/Frameworks",
					"@loader_path/Frameworks",
				);
				PRODUCT_BUNDLE_IDENTIFIER = com.juyelcse11th.MyProjectUITests;
				PRODUCT_NAME = "$(TARGET_NAME)";
				SWIFT_VERSION = 5.0;
				TARGETED_DEVICE_FAMILY = "1,2";
				TEST_TARGET_NAME = MyProject;
			};
			name = Debug;
		};
		C035D1912268AEBD006135FD /* Release */ = {
			isa = XCBuildConfiguration;
			buildSettings = {
				ALWAYS_EMBED_SWIFT_STANDARD_LIBRARIES = YES;
				CODE_SIGN_STYLE = Automatic;
				DEVELOPMENT_TEAM = 6FYC5H87N6;
				INFOPLIST_FILE = MyProjectUITests/Info.plist;
				LD_RUNPATH_SEARCH_PATHS = (
					"$(inherited)",
					"@executable_path/Frameworks",
					"@loader_path/Frameworks",
				);
				PRODUCT_BUNDLE_IDENTIFIER = com.juyelcse11th.MyProjectUITests;
				PRODUCT_NAME = "$(TARGET_NAME)";
				SWIFT_VERSION = 5.0;
				TARGETED_DEVICE_FAMILY = "1,2";
				TEST_TARGET_NAME = MyProject;
			};
			name = Release;
		};
/* End XCBuildConfiguration section */

/* Begin XCConfigurationList section */
		C035D15C2268AEBA006135FD /* Build configuration list for PBXProject "MyProject" */ = {
			isa = XCConfigurationList;
			buildConfigurations = (
				C035D1872268AEBD006135FD /* Debug */,
				C035D1882268AEBD006135FD /* Release */,
			);
			defaultConfigurationIsVisible = 0;
			defaultConfigurationName = Release;
		};
		C035D1892268AEBD006135FD /* Build configuration list for PBXNativeTarget "MyProject" */ = {
			isa = XCConfigurationList;
			buildConfigurations = (
				C035D18A2268AEBD006135FD /* Debug */,
				C035D18B2268AEBD006135FD /* Release */,
			);
			defaultConfigurationIsVisible = 0;
			defaultConfigurationName = Release;
		};
		C035D18C2268AEBD006135FD /* Build configuration list for PBXNativeTarget "MyProjectTests" */ = {
			isa = XCConfigurationList;
			buildConfigurations = (
				C035D18D2268AEBD006135FD /* Debug */,
				C035D18E2268AEBD006135FD /* Release */,
			);
			defaultConfigurationIsVisible = 0;
			defaultConfigurationName = Release;
		};
		C035D18F2268AEBD006135FD /* Build configuration list for PBXNativeTarget "MyProjectUITests" */ = {
			isa = XCConfigurationList;
			buildConfigurations = (
				C035D1902268AEBD006135FD /* Debug */,
				C035D1912268AEBD006135FD /* Release */,
			);
			defaultConfigurationIsVisible = 0;
			defaultConfigurationName = Release;
		};
/* End XCConfigurationList section */
	};
	rootObject = C035D1592268AEBA006135FD /* Project object */;
}
